
Microsoft Visual Studio Solution File, Format Version 12.00
# Visual Studio 2012
Project("{FAE04EC0-301F-11D3-BF4B-00C04F79EFBC}") = "MiCS", "MiCS\MiCS.csproj", "{205BF6D1-4C04-49FE-9221-AEE22D663C7B}"
EndProject
Project("{FAE04EC0-301F-11D3-BF4B-00C04F79EFBC}") = "MiCSCaseStudy", "MiCSCaseStudy\MiCSCaseStudy.csproj", "{2B3F85E7-9317-4429-A0B9-D3E549B698F8}"
EndProject
Project("{FAE04EC0-301F-11D3-BF4B-00C04F79EFBC}") = "MiCSTests", "MiCSTests\MiCSTests.csproj", "{F344DCA7-36E8-4059-AF82-1726290434B8}"
EndProject
Project("{FAE04EC0-301F-11D3-BF4B-00C04F79EFBC}") = "TestProject", "TestProject\TestProject.csproj", "{47F7B525-234B-48A9-A07C-834FE1249653}"
EndProject
Project("{FAE04EC0-301F-11D3-BF4B-00C04F79EFBC}") = "MiCSManual", "MiCSManual\MiCSManual.csproj", "{7D6E4FC4-9EAD-418A-8D98-F02467027D5C}"
EndProject
Global
	GlobalSection(SolutionConfigurationPlatforms) = preSolution
		Debug|Any CPU = Debug|Any CPU
		Release|Any CPU = Release|Any CPU
	EndGlobalSection
	GlobalSection(ProjectConfigurationPlatforms) = postSolution
		{205BF6D1-4C04-49FE-9221-AEE22D663C7B}.Debug|Any CPU.ActiveCfg = Debug|Any CPU
		{205BF6D1-4C04-49FE-9221-AEE22D663C7B}.Debug|Any CPU.Build.0 = Debug|Any CPU
		{205BF6D1-4C04-49FE-9221-AEE22D663C7B}.Release|Any CPU.ActiveCfg = Release|Any CPU
		{205BF6D1-4C04-49FE-9221-AEE22D663C7B}.Release|Any CPU.Build.0 = Release|Any CPU
		{2B3F85E7-9317-4429-A0B9-D3E549B698F8}.Debug|Any CPU.ActiveCfg = Debug|Any CPU
		{2B3F85E7-9317-4429-A0B9-D3E549B698F8}.Debug|Any CPU.Build.0 = Debug|Any CPU
		{2B3F85E7-9317-4429-A0B9-D3E549B698F8}.Release|Any CPU.ActiveCfg = Release|Any CPU
		{2B3F85E7-9317-4429-A0B9-D3E549B698F8}.Release|Any CPU.Build.0 = Release|Any CPU
		{F344DCA7-36E8-4059-AF82-1726290434B8}.Debug|Any CPU.ActiveCfg = Debug|Any CPU
		{F344DCA7-36E8-4059-AF82-1726290434B8}.Debug|Any CPU.Build.0 = Debug|Any CPU
		{F344DCA7-36E8-4059-AF82-1726290434B8}.Release|Any CPU.ActiveCfg = Release|Any CPU
		{F344DCA7-36E8-4059-AF82-1726290434B8}.Release|Any CPU.Build.0 = Release|Any CPU
		{47F7B525-234B-48A9-A07C-834FE1249653}.Debug|Any CPU.ActiveCfg = Debug|Any CPU
		{47F7B525-234B-48A9-A07C-834FE1249653}.Debug|Any CPU.Build.0 = Debug|Any CPU
		{47F7B525-234B-48A9-A07C-834FE1249653}.Release|Any CPU.ActiveCfg = Release|Any CPU
		{47F7B525-234B-48A9-A07C-834FE1249653}.Release|Any CPU.Build.0 = Release|Any CPU
		{7D6E4FC4-9EAD-418A-8D98-F02467027D5C}.Debug|Any CPU.ActiveCfg = Debug|Any CPU
		{7D6E4FC4-9EAD-418A-8D98-F02467027D5C}.Debug|Any CPU.Build.0 = Debug|Any CPU
		{7D6E4FC4-9EAD-418A-8D98-F02467027D5C}.Release|Any CPU.ActiveCfg = Release|Any CPU
		{7D6E4FC4-9EAD-418A-8D98-F02467027D5C}.Release|Any CPU.Build.0 = Release|Any CPU
	EndGlobalSection
	GlobalSection(SolutionProperties) = preSolution
		HideSolutionNode = FALSE
	EndGlobalSection
EndGlobal
